<?xml version="1.0" encoding="utf-8"?>
<Project ToolsVersion="4.0" xmlns="http://schemas.microsoft.com/developer/msbuild/2003">
  <ItemGroup>
    <Filter Include="Source Files">
      <UniqueIdentifier>{4FC737F1-C7A5-4376-A066-2A32D752A2FF}</UniqueIdentifier>
      <Extensions>cpp;c;cc;cxx;def;odl;idl;hpj;bat;asm;asmx</Extensions>
    </Filter>
    <Filter Include="Header Files">
      <UniqueIdentifier>{93995380-89BD-4b04-88EB-625FBE52EBFB}</UniqueIdentifier>
      <Extensions>h;hh;hpp;hxx;hm;inl;inc;xsd</Extensions>
    </Filter>
    <Filter Include="Week1">
      <UniqueIdentifier>{6469432c-2a1e-411f-a745-f6b8fe556dad}</UniqueIdentifier>
    </Filter>
    <Filter Include="Eindopdracht">
      <UniqueIdentifier>{7f81d50d-0d3e-40d1-bb4e-75b997f96870}</UniqueIdentifier>
    </Filter>
    <Filter Include="Eindopdracht\Header Files">
      <UniqueIdentifier>{d9cdeb7b-c3e4-4cc7-bbec-d1454ae445ac}</UniqueIdentifier>
    </Filter>
    <Filter Include="Eindopdracht\Source Files">
      <UniqueIdentifier>{5e5651ee-9ae0-49bb-afdf-c6dc6f9521c7}</UniqueIdentifier>
    </Filter>
  </ItemGroup>
  <ItemGroup>
    <ClCompile Include="Main.cpp">
      <Filter>Source Files</Filter>
    </ClCompile>
    <ClCompile Include="FWApplication.cpp">
      <Filter>Source Files</Filter>
    </ClCompile>
    <ClCompile Include="Cow.cpp">
      <Filter>Week1</Filter>
    </ClCompile>
    <ClCompile Include="FileReader.cpp">
      <Filter>Eindopdracht\Source Files</Filter>
    </ClCompile>
    <ClCompile Include="Map.cpp">
      <Filter>Eindopdracht\Source Files</Filter>
    </ClCompile>
    <ClCompile Include="Vertex.cpp">
      <Filter>Eindopdracht\Source Files</Filter>
    </ClCompile>
    <ClCompile Include="Edge.cpp">
      <Filter>Eindopdracht\Source Files</Filter>
    </ClCompile>
    <ClCompile Include="Astar.cpp">
      <Filter>Eindopdracht\Source Files</Filter>
    </ClCompile>
    <ClCompile Include="RandomGenerator.cpp">
      <Filter>Eindopdracht\Source Files</Filter>
    </ClCompile>
    <ClCompile Include="Graph.cpp">
      <Filter>Eindopdracht\Source Files</Filter>
    </ClCompile>
    <ClCompile Include="Rottweiler.cpp">
      <Filter>Eindopdracht\Source Files</Filter>
    </ClCompile>
    <ClCompile Include="Person.cpp">
      <Filter>Eindopdracht\Source Files</Filter>
    </ClCompile>
    <ClCompile Include="Misses.cpp">
      <Filter>Eindopdracht\Source Files</Filter>
    </ClCompile>
    <ClCompile Include="Mister.cpp">
      <Filter>Eindopdracht\Source Files</Filter>
    </ClCompile>
    <ClCompile Include="Rabbit.cpp">
      <Filter>Eindopdracht\Source Files</Filter>
    </ClCompile>
  </ItemGroup>
  <ItemGroup>
    <None Include="SDL2.dll" />
  </ItemGroup>
  <ItemGroup>
    <ClInclude Include="Config.h">
      <Filter>Header Files</Filter>
    </ClInclude>
    <ClInclude Include="FWApplication.h">
      <Filter>Header Files</Filter>
    </ClInclude>
    <ClInclude Include="IGameObject.h">
      <Filter>Header Files</Filter>
    </ClInclude>
    <ClInclude Include="Cow.h">
      <Filter>Week1</Filter>
    </ClInclude>
    <ClInclude Include="FileReader.h">
      <Filter>Eindopdracht\Header Files</Filter>
    </ClInclude>
    <ClInclude Include="Map.h">
      <Filter>Eindopdracht\Header Files</Filter>
    </ClInclude>
    <ClInclude Include="Vertex.h">
      <Filter>Eindopdracht\Header Files</Filter>
    </ClInclude>
    <ClInclude Include="Edge.h">
      <Filter>Eindopdracht\Header Files</Filter>
    </ClInclude>
    <ClInclude Include="Astar.h">
      <Filter>Eindopdracht\Header Files</Filter>
    </ClInclude>
    <ClInclude Include="RandomGenerator.h">
      <Filter>Eindopdracht\Header Files</Filter>
    </ClInclude>
    <ClInclude Include="Graph.h">
      <Filter>Eindopdracht\Header Files</Filter>
    </ClInclude>
    <ClInclude Include="Rottweiler.h">
      <Filter>Eindopdracht\Header Files</Filter>
    </ClInclude>
    <ClInclude Include="Person.h">
      <Filter>Eindopdracht\Header Files</Filter>
    </ClInclude>
    <ClInclude Include="Mister.h">
      <Filter>Eindopdracht\Header Files</Filter>
    </ClInclude>
    <ClInclude Include="Misses.h">
      <Filter>Eindopdracht\Header Files</Filter>
    </ClInclude>
    <ClInclude Include="Rabbit.h">
      <Filter>Eindopdracht\Header Files</Filter>
    </ClInclude>
  </ItemGroup>
  <ItemGroup>
    <Image Include="..\Resources\cow-2.png">
      <Filter>Week1</Filter>
    </Image>
    <Image Include="..\Resources\rabbit-3.png">
      <Filter>Week1</Filter>
    </Image>
  </ItemGroup>
  <ItemGroup>
    <Text Include="graaf.txt" />
  </ItemGroup>
</Project>